
Microsoft Visual Studio Solution File, Format Version 12.00
# Visual Studio Version 17
VisualStudioVersion = 17.7.34003.232
MinimumVisualStudioVersion = 10.0.40219.1
Project("{FAE04EC0-301F-11D3-BF4B-00C04F79EFBC}") = "FirstDemo", "FirstDemo\FirstDemo.csproj", "{E1C0D19D-CC83-4197-A430-F78355DD6862}"
EndProject
Global
	GlobalSection(SolutionConfigurationPlatforms) = preSolution
		Debug|Any CPU = Debug|Any CPU
		Release|Any CPU = Release|Any CPU
	EndGlobalSection
	GlobalSection(ProjectConfigurationPlatforms) = postSolution
		{E1C0D19D-CC83-4197-A430-F78355DD6862}.Debug|Any CPU.ActiveCfg = Debug|Any CPU
		{E1C0D19D-CC83-4197-A430-F78355DD6862}.Debug|Any CPU.Build.0 = Debug|Any CPU
		{E1C0D19D-CC83-4197-A430-F78355DD6862}.Release|Any CPU.ActiveCfg = Release|Any CPU
		{E1C0D19D-CC83-4197-A430-F78355DD6862}.Release|Any CPU.Build.0 = Release|Any CPU
	EndGlobalSection
	GlobalSection(SolutionProperties) = preSolution
		HideSolutionNode = FALSE
	EndGlobalSection
	GlobalSection(ExtensibilityGlobals) = postSolution
		SolutionGuid = {B7BEFE9E-30FE-41AD-84C6-E2909F032899}
	EndGlobalSection
EndGlobal
